// !$*UTF8*$!
{
	archiveVersion = 1;
	classes = {
	};
	objectVersion = 77;
	objects = {

/* Begin PBXBuildFile section */
		03B5748CA5B36351B9E2778E /* Assets.xcassets in Resources */ = {isa = PBXBuildFile; fileRef = D34F154FA5503D5028EF3B44 /* Assets.xcassets */; };
		042E6575FF9FD6BD47BD84E4 /* ThemeManager.swift in Sources */ = {isa = PBXBuildFile; fileRef = CA3BBAC1AAAA5A1CB47BD654 /* ThemeManager.swift */; };
		0E89BE2774EA87AB82DCA23C /* AccountStore.swift in Sources */ = {isa = PBXBuildFile; fileRef = 0F50B0B3E631514C1CF5B58B /* AccountStore.swift */; };
		0FB8B36D2B5D7633CC0ACF85 /* UsageSnapshot.swift in Sources */ = {isa = PBXBuildFile; fileRef = D79FD49D47487F4B3AA4CD3A /* UsageSnapshot.swift */; };
		1763BDC5FBFE5DE040204E3D /* KeychainManager.swift in Sources */ = {isa = PBXBuildFile; fileRef = 0A1C73576F437A33395AF6B7 /* KeychainManager.swift */; };
		24ACECF37A3B869BD670C31C /* GeminiProvider.swift in Sources */ = {isa = PBXBuildFile; fileRef = 5DAFC6E91CC7950C160467C3 /* GeminiProvider.swift */; };
		3337FC94169115E87D0AFFF6 /* SettingsView.swift in Sources */ = {isa = PBXBuildFile; fileRef = E020B212C18DBAD939550D70 /* SettingsView.swift */; };
		3781C9FDF82EFA05D6E82197 /* UsageProgressBar.swift in Sources */ = {isa = PBXBuildFile; fileRef = B9FA8E8A74528BCF3A1190B2 /* UsageProgressBar.swift */; };
		4ADF1B2DB8EE00EB0C00030A /* MainPopoverView.swift in Sources */ = {isa = PBXBuildFile; fileRef = 3A5FF92B184F77BB0EB9E87D /* MainPopoverView.swift */; };
		4B21CD226268C6C719FBEE33 /* ServiceAccountAuthenticator.swift in Sources */ = {isa = PBXBuildFile; fileRef = 33C16C6F012821D00783ED76 /* ServiceAccountAuthenticator.swift */; };
		4B7F2E5367E57FEC3978680A /* CLIParser.swift in Sources */ = {isa = PBXBuildFile; fileRef = 93C6BE9F64B9F93C3F5D2D8D /* CLIParser.swift */; };
		516E863834D93EFA3F353CF3 /* CodexCLIParser.swift in Sources */ = {isa = PBXBuildFile; fileRef = 1B3DD2C56C6ABD8B8677FAD2 /* CodexCLIParser.swift */; };
		6B6AFD81C182767765D2470E /* CountdownTimerText.swift in Sources */ = {isa = PBXBuildFile; fileRef = BB3E602136048C43F9757966 /* CountdownTimerText.swift */; };
		6F717E82F1C4BA2547A306AD /* UsageWindowRow.swift in Sources */ = {isa = PBXBuildFile; fileRef = AE28C8EC82AEF526920535E6 /* UsageWindowRow.swift */; };
		7186466BBF87E143CC550930 /* UsagePollingEngine.swift in Sources */ = {isa = PBXBuildFile; fileRef = DBA08FA790941AB1E679F287 /* UsagePollingEngine.swift */; };
		7437A278482472DA0FA5AA6B /* AccountCardView.swift in Sources */ = {isa = PBXBuildFile; fileRef = FF708AB49BA7B0FE9654A017 /* AccountCardView.swift */; };
		854FB059C3065F24B69D7255 /* AntigravityProvider.swift in Sources */ = {isa = PBXBuildFile; fileRef = 7AB54154BE9029B92ABEC872 /* AntigravityProvider.swift */; };
		8983D3F49DB3EEFCE1CC2868 /* KeychainManagerTests.swift in Sources */ = {isa = PBXBuildFile; fileRef = 6B19E2083E9B27DB6633C330 /* KeychainManagerTests.swift */; };
		96BDDBFB03D1829EDC1B7556 /* OpenAIProvider.swift in Sources */ = {isa = PBXBuildFile; fileRef = 8A7310A8B26154ECB6E5A76F /* OpenAIProvider.swift */; };
		9E2536D8E3C3C05A3E9EE87E /* TestSupport.swift in Sources */ = {isa = PBXBuildFile; fileRef = E3175D717E0965B48D919BAC /* TestSupport.swift */; };
		9F09F854E96457BE53CB093A /* AddAccountView.swift in Sources */ = {isa = PBXBuildFile; fileRef = 5C1B85ECE9154661164953A7 /* AddAccountView.swift */; };
		A5F85CA9FD53D841B1FE6DDE /* UsagePollingEngineTests.swift in Sources */ = {isa = PBXBuildFile; fileRef = 0FEC13D413F05D93F0FD8059 /* UsagePollingEngineTests.swift */; };
		A80967F19017AD57557BC284 /* AntigravityProviderTests.swift in Sources */ = {isa = PBXBuildFile; fileRef = 1C5E4E75BB63E9D575DA5436 /* AntigravityProviderTests.swift */; };
		A989E714E6231DB324AAFBDB /* ServiceSectionView.swift in Sources */ = {isa = PBXBuildFile; fileRef = 776FADD6C33DD1A24B19D294 /* ServiceSectionView.swift */; };
		AB5E31E350CA4BD8BC5947DA /* AccountStoreTests.swift in Sources */ = {isa = PBXBuildFile; fileRef = 13EE2A0F699D55A0E0D2A7DB /* AccountStoreTests.swift */; };
		AC6DEEFDA99A14FF09A6B8DB /* UsageToolApp.swift in Sources */ = {isa = PBXBuildFile; fileRef = CB63AD3B458CD27E96E0AD36 /* UsageToolApp.swift */; };
		AE6E1126D678B0C542ED32B5 /* AnthropicProvider.swift in Sources */ = {isa = PBXBuildFile; fileRef = 65682EB8B1B968172A607DCF /* AnthropicProvider.swift */; };
		B96F6A0ED1C386C29B1D31EB /* OAuthLoopbackServer.swift in Sources */ = {isa = PBXBuildFile; fileRef = 57C8FFBB5171611059EC2171 /* OAuthLoopbackServer.swift */; };
		B9780E134BD6A07F4A1E43BF /* ClaudeSessionSnapshotReader.swift in Sources */ = {isa = PBXBuildFile; fileRef = 1AE153AF4F4971A79CF89989 /* ClaudeSessionSnapshotReader.swift */; };
		BF4BE9BAA833D224A12BC373 /* Theme.swift in Sources */ = {isa = PBXBuildFile; fileRef = 2AABBB82E7E4A241D5C7A580 /* Theme.swift */; };
		CFF464099D78F974CFC77A70 /* UsageStatus.swift in Sources */ = {isa = PBXBuildFile; fileRef = A13A9783CB8ACFD8749E3CC5 /* UsageStatus.swift */; };
		DB24186EE5C9C247114200D5 /* Account.swift in Sources */ = {isa = PBXBuildFile; fileRef = AFBA4519EECF4B5B242A5AB8 /* Account.swift */; };
		DF5254F30418CC136E0AE626 /* AnthropicProviderTests.swift in Sources */ = {isa = PBXBuildFile; fileRef = 2DA8726F246AB914FA3B69DD /* AnthropicProviderTests.swift */; };
		DF602EE99AB2285D8F63C7DE /* ClaudeCodeCLIParser.swift in Sources */ = {isa = PBXBuildFile; fileRef = 46E9FFB158F86012B9BD0410 /* ClaudeCodeCLIParser.swift */; };
		DFF4D00CF99A5666C69D965E /* GoogleOAuthManager.swift in Sources */ = {isa = PBXBuildFile; fileRef = 0B29830637A949202DCCAF45 /* GoogleOAuthManager.swift */; };
		E472225CAE0DB06B3BC6C7DB /* ServiceProvider.swift in Sources */ = {isa = PBXBuildFile; fileRef = 227BCDBE70B3406530722962 /* ServiceProvider.swift */; };
/* End PBXBuildFile section */

/* Begin PBXContainerItemProxy section */
		C409C6313AE067DE9D53EDF5 /* PBXContainerItemProxy */ = {
			isa = PBXContainerItemProxy;
			containerPortal = D055DAF909B16FD09AA7280B /* Project object */;
			proxyType = 1;
			remoteGlobalIDString = 8C1E224DD98A124179C0F6C2;
			remoteInfo = UsageTool;
		};
/* End PBXContainerItemProxy section */

/* Begin PBXFileReference section */
		0A1C73576F437A33395AF6B7 /* KeychainManager.swift */ = {isa = PBXFileReference; lastKnownFileType = sourcecode.swift; path = KeychainManager.swift; sourceTree = "<group>"; };
		0B29830637A949202DCCAF45 /* GoogleOAuthManager.swift */ = {isa = PBXFileReference; lastKnownFileType = sourcecode.swift; path = GoogleOAuthManager.swift; sourceTree = "<group>"; };
		0F50B0B3E631514C1CF5B58B /* AccountStore.swift */ = {isa = PBXFileReference; lastKnownFileType = sourcecode.swift; path = AccountStore.swift; sourceTree = "<group>"; };
		0FEC13D413F05D93F0FD8059 /* UsagePollingEngineTests.swift */ = {isa = PBXFileReference; lastKnownFileType = sourcecode.swift; path = UsagePollingEngineTests.swift; sourceTree = "<group>"; };
		13EE2A0F699D55A0E0D2A7DB /* AccountStoreTests.swift */ = {isa = PBXFileReference; lastKnownFileType = sourcecode.swift; path = AccountStoreTests.swift; sourceTree = "<group>"; };
		1AE153AF4F4971A79CF89989 /* ClaudeSessionSnapshotReader.swift */ = {isa = PBXFileReference; lastKnownFileType = sourcecode.swift; path = ClaudeSessionSnapshotReader.swift; sourceTree = "<group>"; };
		1B3DD2C56C6ABD8B8677FAD2 /* CodexCLIParser.swift */ = {isa = PBXFileReference; lastKnownFileType = sourcecode.swift; path = CodexCLIParser.swift; sourceTree = "<group>"; };
		1C5E4E75BB63E9D575DA5436 /* AntigravityProviderTests.swift */ = {isa = PBXFileReference; lastKnownFileType = sourcecode.swift; path = AntigravityProviderTests.swift; sourceTree = "<group>"; };
		227BCDBE70B3406530722962 /* ServiceProvider.swift */ = {isa = PBXFileReference; lastKnownFileType = sourcecode.swift; path = ServiceProvider.swift; sourceTree = "<group>"; };
		2AABBB82E7E4A241D5C7A580 /* Theme.swift */ = {isa = PBXFileReference; lastKnownFileType = sourcecode.swift; path = Theme.swift; sourceTree = "<group>"; };
		2DA8726F246AB914FA3B69DD /* AnthropicProviderTests.swift */ = {isa = PBXFileReference; lastKnownFileType = sourcecode.swift; path = AnthropicProviderTests.swift; sourceTree = "<group>"; };
		33C16C6F012821D00783ED76 /* ServiceAccountAuthenticator.swift */ = {isa = PBXFileReference; lastKnownFileType = sourcecode.swift; path = ServiceAccountAuthenticator.swift; sourceTree = "<group>"; };
		3A5FF92B184F77BB0EB9E87D /* MainPopoverView.swift */ = {isa = PBXFileReference; lastKnownFileType = sourcecode.swift; path = MainPopoverView.swift; sourceTree = "<group>"; };
		46E9FFB158F86012B9BD0410 /* ClaudeCodeCLIParser.swift */ = {isa = PBXFileReference; lastKnownFileType = sourcecode.swift; path = ClaudeCodeCLIParser.swift; sourceTree = "<group>"; };
		57C8FFBB5171611059EC2171 /* OAuthLoopbackServer.swift */ = {isa = PBXFileReference; lastKnownFileType = sourcecode.swift; path = OAuthLoopbackServer.swift; sourceTree = "<group>"; };
		5C1B85ECE9154661164953A7 /* AddAccountView.swift */ = {isa = PBXFileReference; lastKnownFileType = sourcecode.swift; path = AddAccountView.swift; sourceTree = "<group>"; };
		5DAFC6E91CC7950C160467C3 /* GeminiProvider.swift */ = {isa = PBXFileReference; lastKnownFileType = sourcecode.swift; path = GeminiProvider.swift; sourceTree = "<group>"; };
		65682EB8B1B968172A607DCF /* AnthropicProvider.swift */ = {isa = PBXFileReference; lastKnownFileType = sourcecode.swift; path = AnthropicProvider.swift; sourceTree = "<group>"; };
		6B19E2083E9B27DB6633C330 /* KeychainManagerTests.swift */ = {isa = PBXFileReference; lastKnownFileType = sourcecode.swift; path = KeychainManagerTests.swift; sourceTree = "<group>"; };
		776FADD6C33DD1A24B19D294 /* ServiceSectionView.swift */ = {isa = PBXFileReference; lastKnownFileType = sourcecode.swift; path = ServiceSectionView.swift; sourceTree = "<group>"; };
		7AB54154BE9029B92ABEC872 /* AntigravityProvider.swift */ = {isa = PBXFileReference; lastKnownFileType = sourcecode.swift; path = AntigravityProvider.swift; sourceTree = "<group>"; };
		8A7310A8B26154ECB6E5A76F /* OpenAIProvider.swift */ = {isa = PBXFileReference; lastKnownFileType = sourcecode.swift; path = OpenAIProvider.swift; sourceTree = "<group>"; };
		93C6BE9F64B9F93C3F5D2D8D /* CLIParser.swift */ = {isa = PBXFileReference; lastKnownFileType = sourcecode.swift; path = CLIParser.swift; sourceTree = "<group>"; };
		A13A9783CB8ACFD8749E3CC5 /* UsageStatus.swift */ = {isa = PBXFileReference; lastKnownFileType = sourcecode.swift; path = UsageStatus.swift; sourceTree = "<group>"; };
		AE28C8EC82AEF526920535E6 /* UsageWindowRow.swift */ = {isa = PBXFileReference; lastKnownFileType = sourcecode.swift; path = UsageWindowRow.swift; sourceTree = "<group>"; };
		AFBA4519EECF4B5B242A5AB8 /* Account.swift */ = {isa = PBXFileReference; lastKnownFileType = sourcecode.swift; path = Account.swift; sourceTree = "<group>"; };
		B6A3D8B3D3DB0186A08FAC86 /* UsageToolTests.xctest */ = {isa = PBXFileReference; explicitFileType = wrapper.cfbundle; includeInIndex = 0; path = UsageToolTests.xctest; sourceTree = BUILT_PRODUCTS_DIR; };
		B9FA8E8A74528BCF3A1190B2 /* UsageProgressBar.swift */ = {isa = PBXFileReference; lastKnownFileType = sourcecode.swift; path = UsageProgressBar.swift; sourceTree = "<group>"; };
		BB3E602136048C43F9757966 /* CountdownTimerText.swift */ = {isa = PBXFileReference; lastKnownFileType = sourcecode.swift; path = CountdownTimerText.swift; sourceTree = "<group>"; };
		CA3BBAC1AAAA5A1CB47BD654 /* ThemeManager.swift */ = {isa = PBXFileReference; lastKnownFileType = sourcecode.swift; path = ThemeManager.swift; sourceTree = "<group>"; };
		CB63AD3B458CD27E96E0AD36 /* UsageToolApp.swift */ = {isa = PBXFileReference; lastKnownFileType = sourcecode.swift; path = UsageToolApp.swift; sourceTree = "<group>"; };
		D34F154FA5503D5028EF3B44 /* Assets.xcassets */ = {isa = PBXFileReference; lastKnownFileType = folder.assetcatalog; path = Assets.xcassets; sourceTree = "<group>"; };
		D79FD49D47487F4B3AA4CD3A /* UsageSnapshot.swift */ = {isa = PBXFileReference; lastKnownFileType = sourcecode.swift; path = UsageSnapshot.swift; sourceTree = "<group>"; };
		DBA08FA790941AB1E679F287 /* UsagePollingEngine.swift */ = {isa = PBXFileReference; lastKnownFileType = sourcecode.swift; path = UsagePollingEngine.swift; sourceTree = "<group>"; };
		E020B212C18DBAD939550D70 /* SettingsView.swift */ = {isa = PBXFileReference; lastKnownFileType = sourcecode.swift; path = SettingsView.swift; sourceTree = "<group>"; };
		E3175D717E0965B48D919BAC /* TestSupport.swift */ = {isa = PBXFileReference; lastKnownFileType = sourcecode.swift; path = TestSupport.swift; sourceTree = "<group>"; };
		F1B15ED5C6BC63A94343EB9B /* UsageTool.app */ = {isa = PBXFileReference; explicitFileType = wrapper.application; includeInIndex = 0; path = UsageTool.app; sourceTree = BUILT_PRODUCTS_DIR; };
		FF708AB49BA7B0FE9654A017 /* AccountCardView.swift */ = {isa = PBXFileReference; lastKnownFileType = sourcecode.swift; path = AccountCardView.swift; sourceTree = "<group>"; };
/* End PBXFileReference section */

/* Begin PBXGroup section */
		15701ABA36312DB83F2A289C /* Services */ = {
			isa = PBXGroup;
			children = (
				65682EB8B1B968172A607DCF /* AnthropicProvider.swift */,
				7AB54154BE9029B92ABEC872 /* AntigravityProvider.swift */,
				1AE153AF4F4971A79CF89989 /* ClaudeSessionSnapshotReader.swift */,
				5DAFC6E91CC7950C160467C3 /* GeminiProvider.swift */,
				8A7310A8B26154ECB6E5A76F /* OpenAIProvider.swift */,
				227BCDBE70B3406530722962 /* ServiceProvider.swift */,
				DBA08FA790941AB1E679F287 /* UsagePollingEngine.swift */,
				F79B0C8646D450A03E62C3E5 /* CLIParsers */,
			);
			path = Services;
			sourceTree = "<group>";
		};
		245816B7FD22FDD7E631A2BF /* Auth */ = {
			isa = PBXGroup;
			children = (
				0B29830637A949202DCCAF45 /* GoogleOAuthManager.swift */,
				57C8FFBB5171611059EC2171 /* OAuthLoopbackServer.swift */,
				33C16C6F012821D00783ED76 /* ServiceAccountAuthenticator.swift */,
			);
			path = Auth;
			sourceTree = "<group>";
		};
		263E7A6CA004CDAEE8E65857 /* Resources */ = {
			isa = PBXGroup;
			children = (
				D34F154FA5503D5028EF3B44 /* Assets.xcassets */,
			);
			path = Resources;
			sourceTree = "<group>";
		};
		6EC0F952057E13EF9A392F78 /* UsageToolTests */ = {
			isa = PBXGroup;
			children = (
				13EE2A0F699D55A0E0D2A7DB /* AccountStoreTests.swift */,
				2DA8726F246AB914FA3B69DD /* AnthropicProviderTests.swift */,
				1C5E4E75BB63E9D575DA5436 /* AntigravityProviderTests.swift */,
				6B19E2083E9B27DB6633C330 /* KeychainManagerTests.swift */,
				E3175D717E0965B48D919BAC /* TestSupport.swift */,
				0FEC13D413F05D93F0FD8059 /* UsagePollingEngineTests.swift */,
			);
			name = UsageToolTests;
			path = Tests/UsageToolTests;
			sourceTree = "<group>";
		};
		70A24601E99653377B89A9D9 /* Views */ = {
			isa = PBXGroup;
			children = (
				FF708AB49BA7B0FE9654A017 /* AccountCardView.swift */,
				5C1B85ECE9154661164953A7 /* AddAccountView.swift */,
				BB3E602136048C43F9757966 /* CountdownTimerText.swift */,
				3A5FF92B184F77BB0EB9E87D /* MainPopoverView.swift */,
				776FADD6C33DD1A24B19D294 /* ServiceSectionView.swift */,
				E020B212C18DBAD939550D70 /* SettingsView.swift */,
				B9FA8E8A74528BCF3A1190B2 /* UsageProgressBar.swift */,
				AE28C8EC82AEF526920535E6 /* UsageWindowRow.swift */,
			);
			path = Views;
			sourceTree = "<group>";
		};
		74C28F820A6B16BD66B4C3F8 = {
			isa = PBXGroup;
			children = (
				E11D16163A03512D613A2E1B /* UsageTool */,
				6EC0F952057E13EF9A392F78 /* UsageToolTests */,
				8EE2BB26A131650645EFC717 /* Products */,
			);
			sourceTree = "<group>";
		};
		76E4F41B7A30268914751C43 /* Models */ = {
			isa = PBXGroup;
			children = (
				AFBA4519EECF4B5B242A5AB8 /* Account.swift */,
				2AABBB82E7E4A241D5C7A580 /* Theme.swift */,
				CA3BBAC1AAAA5A1CB47BD654 /* ThemeManager.swift */,
				D79FD49D47487F4B3AA4CD3A /* UsageSnapshot.swift */,
				A13A9783CB8ACFD8749E3CC5 /* UsageStatus.swift */,
			);
			path = Models;
			sourceTree = "<group>";
		};
		8EE2BB26A131650645EFC717 /* Products */ = {
			isa = PBXGroup;
			children = (
				F1B15ED5C6BC63A94343EB9B /* UsageTool.app */,
				B6A3D8B3D3DB0186A08FAC86 /* UsageToolTests.xctest */,
			);
			name = Products;
			sourceTree = "<group>";
		};
		A9B7021C9785F59E4472BD68 /* Storage */ = {
			isa = PBXGroup;
			children = (
				0F50B0B3E631514C1CF5B58B /* AccountStore.swift */,
				0A1C73576F437A33395AF6B7 /* KeychainManager.swift */,
			);
			path = Storage;
			sourceTree = "<group>";
		};
		E11D16163A03512D613A2E1B /* UsageTool */ = {
			isa = PBXGroup;
			children = (
				CB63AD3B458CD27E96E0AD36 /* UsageToolApp.swift */,
				245816B7FD22FDD7E631A2BF /* Auth */,
				76E4F41B7A30268914751C43 /* Models */,
				263E7A6CA004CDAEE8E65857 /* Resources */,
				15701ABA36312DB83F2A289C /* Services */,
				A9B7021C9785F59E4472BD68 /* Storage */,
				70A24601E99653377B89A9D9 /* Views */,
			);
			path = UsageTool;
			sourceTree = "<group>";
		};
		F79B0C8646D450A03E62C3E5 /* CLIParsers */ = {
			isa = PBXGroup;
			children = (
				46E9FFB158F86012B9BD0410 /* ClaudeCodeCLIParser.swift */,
				93C6BE9F64B9F93C3F5D2D8D /* CLIParser.swift */,
				1B3DD2C56C6ABD8B8677FAD2 /* CodexCLIParser.swift */,
			);
			path = CLIParsers;
			sourceTree = "<group>";
		};
/* End PBXGroup section */

/* Begin PBXNativeTarget section */
		8C1E224DD98A124179C0F6C2 /* UsageTool */ = {
			isa = PBXNativeTarget;
			buildConfigurationList = 5B35A8A0F5EEDB318A409CD9 /* Build configuration list for PBXNativeTarget "UsageTool" */;
			buildPhases = (
				D48F3A1B94669F09DE7BF8FF /* Sources */,
				6101D768A388625B66AF704C /* Resources */,
			);
			buildRules = (
			);
			dependencies = (
			);
			name = UsageTool;
			packageProductDependencies = (
			);
			productName = UsageTool;
			productReference = F1B15ED5C6BC63A94343EB9B /* UsageTool.app */;
			productType = "com.apple.product-type.application";
		};
		F7C2F913A4CCAA97D37EBA76 /* UsageToolTests */ = {
			isa = PBXNativeTarget;
			buildConfigurationList = 5DD103F61D8A62A400D00329 /* Build configuration list for PBXNativeTarget "UsageToolTests" */;
			buildPhases = (
				3868E3818052AA0FCC64BB19 /* Sources */,
			);
			buildRules = (
			);
			dependencies = (
				804F5C76B04123D5109C5754 /* PBXTargetDependency */,
			);
			name = UsageToolTests;
			packageProductDependencies = (
			);
			productName = UsageToolTests;
			productReference = B6A3D8B3D3DB0186A08FAC86 /* UsageToolTests.xctest */;
			productType = "com.apple.product-type.bundle.unit-test";
		};
/* End PBXNativeTarget section */

/* Begin PBXProject section */
		D055DAF909B16FD09AA7280B /* Project object */ = {
			isa = PBXProject;
			attributes = {
				BuildIndependentTargetsInParallel = YES;
				LastUpgradeCheck = 1430;
				TargetAttributes = {
					8C1E224DD98A124179C0F6C2 = {
						ProvisioningStyle = Automatic;
					};
				};
			};
			buildConfigurationList = E197DF899ADE9F13BFD87B17 /* Build configuration list for PBXProject "UsageTool" */;
			developmentRegion = en;
			hasScannedForEncodings = 0;
			knownRegions = (
				Base,
				en,
			);
			mainGroup = 74C28F820A6B16BD66B4C3F8;
			minimizedProjectReferenceProxies = 1;
			preferredProjectObjectVersion = 77;
			productRefGroup = 8EE2BB26A131650645EFC717 /* Products */;
			projectDirPath = "";
			projectRoot = "";
			targets = (
				8C1E224DD98A124179C0F6C2 /* UsageTool */,
				F7C2F913A4CCAA97D37EBA76 /* UsageToolTests */,
			);
		};
/* End PBXProject section */

/* Begin PBXResourcesBuildPhase section */
		6101D768A388625B66AF704C /* Resources */ = {
			isa = PBXResourcesBuildPhase;
			buildActionMask = 2147483647;
			files = (
				03B5748CA5B36351B9E2778E /* Assets.xcassets in Resources */,
			);
			runOnlyForDeploymentPostprocessing = 0;
		};
/* End PBXResourcesBuildPhase section */

/* Begin PBXSourcesBuildPhase section */
		3868E3818052AA0FCC64BB19 /* Sources */ = {
			isa = PBXSourcesBuildPhase;
			buildActionMask = 2147483647;
			files = (
				AB5E31E350CA4BD8BC5947DA /* AccountStoreTests.swift in Sources */,
				DF5254F30418CC136E0AE626 /* AnthropicProviderTests.swift in Sources */,
				A80967F19017AD57557BC284 /* AntigravityProviderTests.swift in Sources */,
				8983D3F49DB3EEFCE1CC2868 /* KeychainManagerTests.swift in Sources */,
				9E2536D8E3C3C05A3E9EE87E /* TestSupport.swift in Sources */,
				A5F85CA9FD53D841B1FE6DDE /* UsagePollingEngineTests.swift in Sources */,
			);
			runOnlyForDeploymentPostprocessing = 0;
		};
		D48F3A1B94669F09DE7BF8FF /* Sources */ = {
			isa = PBXSourcesBuildPhase;
			buildActionMask = 2147483647;
			files = (
				DB24186EE5C9C247114200D5 /* Account.swift in Sources */,
				7437A278482472DA0FA5AA6B /* AccountCardView.swift in Sources */,
				0E89BE2774EA87AB82DCA23C /* AccountStore.swift in Sources */,
				9F09F854E96457BE53CB093A /* AddAccountView.swift in Sources */,
				AE6E1126D678B0C542ED32B5 /* AnthropicProvider.swift in Sources */,
				854FB059C3065F24B69D7255 /* AntigravityProvider.swift in Sources */,
				4B7F2E5367E57FEC3978680A /* CLIParser.swift in Sources */,
				DF602EE99AB2285D8F63C7DE /* ClaudeCodeCLIParser.swift in Sources */,
				B9780E134BD6A07F4A1E43BF /* ClaudeSessionSnapshotReader.swift in Sources */,
				516E863834D93EFA3F353CF3 /* CodexCLIParser.swift in Sources */,
				6B6AFD81C182767765D2470E /* CountdownTimerText.swift in Sources */,
				24ACECF37A3B869BD670C31C /* GeminiProvider.swift in Sources */,
				DFF4D00CF99A5666C69D965E /* GoogleOAuthManager.swift in Sources */,
				1763BDC5FBFE5DE040204E3D /* KeychainManager.swift in Sources */,
				4ADF1B2DB8EE00EB0C00030A /* MainPopoverView.swift in Sources */,
				B96F6A0ED1C386C29B1D31EB /* OAuthLoopbackServer.swift in Sources */,
				96BDDBFB03D1829EDC1B7556 /* OpenAIProvider.swift in Sources */,
				4B21CD226268C6C719FBEE33 /* ServiceAccountAuthenticator.swift in Sources */,
				E472225CAE0DB06B3BC6C7DB /* ServiceProvider.swift in Sources */,
				A989E714E6231DB324AAFBDB /* ServiceSectionView.swift in Sources */,
				3337FC94169115E87D0AFFF6 /* SettingsView.swift in Sources */,
				BF4BE9BAA833D224A12BC373 /* Theme.swift in Sources */,
				042E6575FF9FD6BD47BD84E4 /* ThemeManager.swift in Sources */,
				7186466BBF87E143CC550930 /* UsagePollingEngine.swift in Sources */,
				3781C9FDF82EFA05D6E82197 /* UsageProgressBar.swift in Sources */,
				0FB8B36D2B5D7633CC0ACF85 /* UsageSnapshot.swift in Sources */,
				CFF464099D78F974CFC77A70 /* UsageStatus.swift in Sources */,
				AC6DEEFDA99A14FF09A6B8DB /* UsageToolApp.swift in Sources */,
				6F717E82F1C4BA2547A306AD /* UsageWindowRow.swift in Sources */,
			);
			runOnlyForDeploymentPostprocessing = 0;
		};
/* End PBXSourcesBuildPhase section */

/* Begin PBXTargetDependency section */
		804F5C76B04123D5109C5754 /* PBXTargetDependency */ = {
			isa = PBXTargetDependency;
			target = 8C1E224DD98A124179C0F6C2 /* UsageTool */;
			targetProxy = C409C6313AE067DE9D53EDF5 /* PBXContainerItemProxy */;
		};
/* End PBXTargetDependency section */

/* Begin XCBuildConfiguration section */
		31E5F928068EF452D4468E62 /* Debug */ = {
			isa = XCBuildConfiguration;
			buildSettings = {
				BUNDLE_LOADER = "$(TEST_HOST)";
				COMBINE_HIDPI_IMAGES = YES;
				GENERATE_INFOPLIST_FILE = YES;
				LD_RUNPATH_SEARCH_PATHS = (
					"$(inherited)",
					"@executable_path/../Frameworks",
					"@loader_path/../Frameworks",
				);
				PRODUCT_BUNDLE_IDENTIFIER = com.palba.UsageToolTests;
				SDKROOT = macosx;
				TEST_HOST = "";
			};
			name = Debug;
		};
		3E637828B72238434A70805C /* Release */ = {
			isa = XCBuildConfiguration;
			buildSettings = {
				BUNDLE_LOADER = "$(TEST_HOST)";
				COMBINE_HIDPI_IMAGES = YES;
				GENERATE_INFOPLIST_FILE = YES;
				LD_RUNPATH_SEARCH_PATHS = (
					"$(inherited)",
					"@executable_path/../Frameworks",
					"@loader_path/../Frameworks",
				);
				PRODUCT_BUNDLE_IDENTIFIER = com.palba.UsageToolTests;
				SDKROOT = macosx;
				TEST_HOST = "";
			};
			name = Release;
		};
		7419EB0B640B23FC6A657180 /* Release */ = {
			isa = XCBuildConfiguration;
			buildSettings = {
				ASSETCATALOG_COMPILER_APPICON_NAME = AppIcon;
				CODE_SIGN_STYLE = Automatic;
				COMBINE_HIDPI_IMAGES = YES;
				GENERATE_INFOPLIST_FILE = YES;
				INFOPLIST_KEY_CFBundleDisplayName = UsageTool;
				INFOPLIST_KEY_LSUIElement = YES;
				LD_RUNPATH_SEARCH_PATHS = (
					"$(inherited)",
					"@executable_path/../Frameworks",
				);
				PRODUCT_BUNDLE_IDENTIFIER = com.palba.UsageTool;
				PRODUCT_NAME = UsageTool;
				SDKROOT = macosx;
				SWIFT_EMIT_LOC_STRINGS = NO;
			};
			name = Release;
		};
		A5FC116782042D5E6CEE9170 /* Debug */ = {
			isa = XCBuildConfiguration;
			buildSettings = {
				ASSETCATALOG_COMPILER_APPICON_NAME = AppIcon;
				CODE_SIGN_STYLE = Automatic;
				COMBINE_HIDPI_IMAGES = YES;
				GENERATE_INFOPLIST_FILE = YES;
				INFOPLIST_KEY_CFBundleDisplayName = UsageTool;
				INFOPLIST_KEY_LSUIElement = YES;
				LD_RUNPATH_SEARCH_PATHS = (
					"$(inherited)",
					"@executable_path/../Frameworks",
				);
				PRODUCT_BUNDLE_IDENTIFIER = com.palba.UsageTool;
				PRODUCT_NAME = UsageTool;
				SDKROOT = macosx;
				SWIFT_EMIT_LOC_STRINGS = NO;
			};
			name = Debug;
		};
		ADDBBD47342F02A7C5825045 /* Debug */ = {
			isa = XCBuildConfiguration;
			buildSettings = {
				ALWAYS_SEARCH_USER_PATHS = NO;
				CLANG_ANALYZER_NONNULL = YES;
				CLANG_ANALYZER_NUMBER_OBJECT_CONVERSION = YES_AGGRESSIVE;
				CLANG_CXX_LANGUAGE_STANDARD = "gnu++14";
				CLANG_CXX_LIBRARY = "libc++";
				CLANG_ENABLE_MODULES = YES;
				CLANG_ENABLE_OBJC_ARC = YES;
				CLANG_ENABLE_OBJC_WEAK = YES;
				CLANG_WARN_BLOCK_CAPTURE_AUTORELEASING = YES;
				CLANG_WARN_BOOL_CONVERSION = YES;
				CLANG_WARN_COMMA = YES;
				CLANG_WARN_CONSTANT_CONVERSION = YES;
				CLANG_WARN_DEPRECATED_OBJC_IMPLEMENTATIONS = YES;
				CLANG_WARN_DIRECT_OBJC_ISA_USAGE = YES_ERROR;
				CLANG_WARN_DOCUMENTATION_COMMENTS = YES;
				CLANG_WARN_EMPTY_BODY = YES;
				CLANG_WARN_ENUM_CONVERSION = YES;
				CLANG_WARN_INFINITE_RECURSION = YES;
				CLANG_WARN_INT_CONVERSION = YES;
				CLANG_WARN_NON_LITERAL_NULL_CONVERSION = YES;
				CLANG_WARN_OBJC_IMPLICIT_RETAIN_SELF = YES;
				CLANG_WARN_OBJC_LITERAL_CONVERSION = YES;
				CLANG_WARN_OBJC_ROOT_CLASS = YES_ERROR;
				CLANG_WARN_QUOTED_INCLUDE_IN_FRAMEWORK_HEADER = YES;
				CLANG_WARN_RANGE_LOOP_ANALYSIS = YES;
				CLANG_WARN_STRICT_PROTOTYPES = YES;
				CLANG_WARN_SUSPICIOUS_MOVE = YES;
				CLANG_WARN_UNGUARDED_AVAILABILITY = YES_AGGRESSIVE;
				CLANG_WARN_UNREACHABLE_CODE = YES;
				CLANG_WARN__DUPLICATE_METHOD_MATCH = YES;
				COPY_PHASE_STRIP = NO;
				DEBUG_INFORMATION_FORMAT = dwarf;
				ENABLE_STRICT_OBJC_MSGSEND = YES;
				ENABLE_TESTABILITY = YES;
				GCC_C_LANGUAGE_STANDARD = gnu11;
				GCC_DYNAMIC_NO_PIC = NO;
				GCC_NO_COMMON_BLOCKS = YES;
				GCC_OPTIMIZATION_LEVEL = 0;
				GCC_PREPROCESSOR_DEFINITIONS = (
					"$(inherited)",
					"DEBUG=1",
				);
				GCC_WARN_64_TO_32_BIT_CONVERSION = YES;
				GCC_WARN_ABOUT_RETURN_TYPE = YES_ERROR;
				GCC_WARN_UNDECLARED_SELECTOR = YES;
				GCC_WARN_UNINITIALIZED_AUTOS = YES_AGGRESSIVE;
				GCC_WARN_UNUSED_FUNCTION = YES;
				GCC_WARN_UNUSED_VARIABLE = YES;
				MACOSX_DEPLOYMENT_TARGET = 14.0;
				MTL_ENABLE_DEBUG_INFO = INCLUDE_SOURCE;
				MTL_FAST_MATH = YES;
				ONLY_ACTIVE_ARCH = YES;
				PRODUCT_NAME = "$(TARGET_NAME)";
				SDKROOT = macosx;
				SWIFT_ACTIVE_COMPILATION_CONDITIONS = DEBUG;
				SWIFT_OPTIMIZATION_LEVEL = "-Onone";
				SWIFT_VERSION = 6.0;
			};
			name = Debug;
		};
		E1E4CA354D34680E1B96215A /* Release */ = {
			isa = XCBuildConfiguration;
			buildSettings = {
				ALWAYS_SEARCH_USER_PATHS = NO;
				CLANG_ANALYZER_NONNULL = YES;
				CLANG_ANALYZER_NUMBER_OBJECT_CONVERSION = YES_AGGRESSIVE;
				CLANG_CXX_LANGUAGE_STANDARD = "gnu++14";
				CLANG_CXX_LIBRARY = "libc++";
				CLANG_ENABLE_MODULES = YES;
				CLANG_ENABLE_OBJC_ARC = YES;
				CLANG_ENABLE_OBJC_WEAK = YES;
				CLANG_WARN_BLOCK_CAPTURE_AUTORELEASING = YES;
				CLANG_WARN_BOOL_CONVERSION = YES;
				CLANG_WARN_COMMA = YES;
				CLANG_WARN_CONSTANT_CONVERSION = YES;
				CLANG_WARN_DEPRECATED_OBJC_IMPLEMENTATIONS = YES;
				CLANG_WARN_DIRECT_OBJC_ISA_USAGE = YES_ERROR;
				CLANG_WARN_DOCUMENTATION_COMMENTS = YES;
				CLANG_WARN_EMPTY_BODY = YES;
				CLANG_WARN_ENUM_CONVERSION = YES;
				CLANG_WARN_INFINITE_RECURSION = YES;
				CLANG_WARN_INT_CONVERSION = YES;
				CLANG_WARN_NON_LITERAL_NULL_CONVERSION = YES;
				CLANG_WARN_OBJC_IMPLICIT_RETAIN_SELF = YES;
				CLANG_WARN_OBJC_LITERAL_CONVERSION = YES;
				CLANG_WARN_OBJC_ROOT_CLASS = YES_ERROR;
				CLANG_WARN_QUOTED_INCLUDE_IN_FRAMEWORK_HEADER = YES;
				CLANG_WARN_RANGE_LOOP_ANALYSIS = YES;
				CLANG_WARN_STRICT_PROTOTYPES = YES;
				CLANG_WARN_SUSPICIOUS_MOVE = YES;
				CLANG_WARN_UNGUARDED_AVAILABILITY = YES_AGGRESSIVE;
				CLANG_WARN_UNREACHABLE_CODE = YES;
				CLANG_WARN__DUPLICATE_METHOD_MATCH = YES;
				COPY_PHASE_STRIP = NO;
				DEBUG_INFORMATION_FORMAT = "dwarf-with-dsym";
				ENABLE_NS_ASSERTIONS = NO;
				ENABLE_STRICT_OBJC_MSGSEND = YES;
				GCC_C_LANGUAGE_STANDARD = gnu11;
				GCC_NO_COMMON_BLOCKS = YES;
				GCC_WARN_64_TO_32_BIT_CONVERSION = YES;
				GCC_WARN_ABOUT_RETURN_TYPE = YES_ERROR;
				GCC_WARN_UNDECLARED_SELECTOR = YES;
				GCC_WARN_UNINITIALIZED_AUTOS = YES_AGGRESSIVE;
				GCC_WARN_UNUSED_FUNCTION = YES;
				GCC_WARN_UNUSED_VARIABLE = YES;
				MACOSX_DEPLOYMENT_TARGET = 14.0;
				MTL_ENABLE_DEBUG_INFO = NO;
				MTL_FAST_MATH = YES;
				PRODUCT_NAME = "$(TARGET_NAME)";
				SDKROOT = macosx;
				SWIFT_COMPILATION_MODE = wholemodule;
				SWIFT_OPTIMIZATION_LEVEL = "-O";
				SWIFT_VERSION = 6.0;
			};
			name = Release;
		};
/* End XCBuildConfiguration section */

/* Begin XCConfigurationList section */
		5B35A8A0F5EEDB318A409CD9 /* Build configuration list for PBXNativeTarget "UsageTool" */ = {
			isa = XCConfigurationList;
			buildConfigurations = (
				A5FC116782042D5E6CEE9170 /* Debug */,
				7419EB0B640B23FC6A657180 /* Release */,
			);
			defaultConfigurationIsVisible = 0;
			defaultConfigurationName = Debug;
		};
		5DD103F61D8A62A400D00329 /* Build configuration list for PBXNativeTarget "UsageToolTests" */ = {
			isa = XCConfigurationList;
			buildConfigurations = (
				31E5F928068EF452D4468E62 /* Debug */,
				3E637828B72238434A70805C /* Release */,
			);
			defaultConfigurationIsVisible = 0;
			defaultConfigurationName = Debug;
		};
		E197DF899ADE9F13BFD87B17 /* Build configuration list for PBXProject "UsageTool" */ = {
			isa = XCConfigurationList;
			buildConfigurations = (
				ADDBBD47342F02A7C5825045 /* Debug */,
				E1E4CA354D34680E1B96215A /* Release */,
			);
			defaultConfigurationIsVisible = 0;
			defaultConfigurationName = Debug;
		};
/* End XCConfigurationList section */
	};
	rootObject = D055DAF909B16FD09AA7280B /* Project object */;
}
